// !$*UTF8*$!
{
	archiveVersion = 1;
	classes = {
	};
	objectVersion = 42;
	objects = {

/* Begin PBXFileReference section */
		4079525E0CEA38CC00E202DC /* main.c */ = {isa = PBXFileReference; fileEncoding = 4; lastKnownFileType = sourcecode.c.c; path = main.c; sourceTree = "<group>"; };
		4079525F0CEA38CC00E202DC /* Makefile */ = {isa = PBXFileReference; fileEncoding = 4; lastKnownFileType = sourcecode.make; path = Makefile; sourceTree = "<group>"; };
		900DF4F2193A51FA00BD60F0 /* keypad.c */ = {isa = PBXFileReference; lastKnownFileType = sourcecode.c.c; name = keypad.c; path = lib/keypad.c; sourceTree = "<group>"; };
		900DF4F3193A520800BD60F0 /* keypad.h */ = {isa = PBXFileReference; lastKnownFileType = sourcecode.c.h; name = keypad.h; path = lib/keypad.h; sourceTree = "<group>"; };
		900DF4F4193B248D00BD60F0 /* i2cmaster.h */ = {isa = PBXFileReference; lastKnownFileType = sourcecode.c.h; name = i2cmaster.h; path = lib/i2cmaster.h; sourceTree = "<group>"; };
		900DF4F5193B248D00BD60F0 /* i2cmaster.S */ = {isa = PBXFileReference; lastKnownFileType = sourcecode.asm; name = i2cmaster.S; path = lib/i2cmaster.S; sourceTree = "<group>"; };
		901425D818EF30D200F5F19F /* lcd.c */ = {isa = PBXFileReference; fileEncoding = 4; lastKnownFileType = sourcecode.c.c; name = lcd.c; path = lib/lcd.c; sourceTree = "<group>"; };
		901425D918EF30D200F5F19F /* lcd.h */ = {isa = PBXFileReference; fileEncoding = 4; lastKnownFileType = sourcecode.c.h; name = lcd.h; path = lib/lcd.h; sourceTree = "<group>"; };
/* End PBXFileReference section */

/* Begin PBXGroup section */
		4079523B0CEA382200E202DC = {
			isa = PBXGroup;
			children = (
				4079525D0CEA38CC00E202DC /* Programmer */,
			);
			sourceTree = "<group>";
		};
		4079525D0CEA38CC00E202DC /* Programmer */ = {
			isa = PBXGroup;
			children = (
				901425DA18EF357300F5F19F /* lib */,
				4079525F0CEA38CC00E202DC /* Makefile */,
				4079525E0CEA38CC00E202DC /* main.c */,
			);
			path = Programmer;
			sourceTree = "<group>";
		};
		901425DA18EF357300F5F19F /* lib */ = {
			isa = PBXGroup;
			children = (
				900DF4F4193B248D00BD60F0 /* i2cmaster.h */,
				900DF4F5193B248D00BD60F0 /* i2cmaster.S */,
				901425D818EF30D200F5F19F /* lcd.c */,
				901425D918EF30D200F5F19F /* lcd.h */,
				900DF4F2193A51FA00BD60F0 /* keypad.c */,
				900DF4F3193A520800BD60F0 /* keypad.h */,
			);
			name = lib;
			sourceTree = "<group>";
		};
/* End PBXGroup section */

/* Begin PBXLegacyTarget section */
		407952600CEA391500E202DC /* firmware */ = {
			isa = PBXLegacyTarget;
			buildArgumentsString = $ACTION;
			buildConfigurationList = 407952610CEA393300E202DC /* Build configuration list for PBXLegacyTarget "firmware" */;
			buildPhases = (
			);
			buildToolPath = /usr/bin/make;
			buildWorkingDirectory = firmware;
			dependencies = (
			);
			name = firmware;
			passBuildSettingsInEnvironment = 1;
			productName = "Build All";
		};
/* End PBXLegacyTarget section */

/* Begin PBXProject section */
		4079523D0CEA382200E202DC /* Project object */ = {
			isa = PBXProject;
			attributes = {
			};
			buildConfigurationList = 4079523E0CEA382200E202DC /* Build configuration list for PBXProject "PSSDProgrammer" */;
			compatibilityVersion = "Xcode 2.4";
			developmentRegion = English;
			hasScannedForEncodings = 0;
			knownRegions = (
				en,
			);
			mainGroup = 4079523B0CEA382200E202DC;
			projectDirPath = "";
			projectRoot = "";
			targets = (
				407952600CEA391500E202DC /* firmware */,
			);
		};
/* End PBXProject section */

/* Begin XCBuildConfiguration section */
		407952400CEA382200E202DC /* Release */ = {
			isa = XCBuildConfiguration;
			buildSettings = {
				COPY_PHASE_STRIP = YES;
			};
			name = Release;
		};
		407952630CEA393300E202DC /* Release */ = {
			isa = XCBuildConfiguration;
			buildSettings = {
				PATH = "$(PATH):/usr/local/CrossPack-AVR/bin";
			};
			name = Release;
		};
/* End XCBuildConfiguration section */

/* Begin XCConfigurationList section */
		4079523E0CEA382200E202DC /* Build configuration list for PBXProject "PSSDProgrammer" */ = {
			isa = XCConfigurationList;
			buildConfigurations = (
				407952400CEA382200E202DC /* Release */,
			);
			defaultConfigurationIsVisible = 0;
			defaultConfigurationName = Release;
		};
		407952610CEA393300E202DC /* Build configuration list for PBXLegacyTarget "firmware" */ = {
			isa = XCConfigurationList;
			buildConfigurations = (
				407952630CEA393300E202DC /* Release */,
			);
			defaultConfigurationIsVisible = 0;
			defaultConfigurationName = Release;
		};
/* End XCConfigurationList section */
	};
	rootObject = 4079523D0CEA382200E202DC /* Project object */;
}
